
Microsoft Visual Studio Solution File, Format Version 12.00
# Visual Studio Version 16
VisualStudioVersion = 16.0.30104.148
MinimumVisualStudioVersion = 10.0.40219.1
Project("{FAE04EC0-301F-11D3-BF4B-00C04F79EFBC}") = "MarketLib", "MarketLib\MarketLib.csproj", "{88E5680A-938F-45B7-8B0C-C910C369D2B3}"
EndProject
Project("{FAE04EC0-301F-11D3-BF4B-00C04F79EFBC}") = "ConsoleApp1", "ConsoleApp1\ConsoleApp1.csproj", "{E45AB695-767B-4D70-A79B-66492A90B7D7}"
EndProject
Project("{FAE04EC0-301F-11D3-BF4B-00C04F79EFBC}") = "Server", "Server\Server.csproj", "{D0274C01-90B5-49FE-B964-FF20462BF25E}"
EndProject
Global
	GlobalSection(SolutionConfigurationPlatforms) = preSolution
		Debug|Any CPU = Debug|Any CPU
		Release|Any CPU = Release|Any CPU
	EndGlobalSection
	GlobalSection(ProjectConfigurationPlatforms) = postSolution
		{88E5680A-938F-45B7-8B0C-C910C369D2B3}.Debug|Any CPU.ActiveCfg = Debug|Any CPU
		{88E5680A-938F-45B7-8B0C-C910C369D2B3}.Debug|Any CPU.Build.0 = Debug|Any CPU
		{88E5680A-938F-45B7-8B0C-C910C369D2B3}.Release|Any CPU.ActiveCfg = Release|Any CPU
		{88E5680A-938F-45B7-8B0C-C910C369D2B3}.Release|Any CPU.Build.0 = Release|Any CPU
		{E45AB695-767B-4D70-A79B-66492A90B7D7}.Debug|Any CPU.ActiveCfg = Debug|Any CPU
		{E45AB695-767B-4D70-A79B-66492A90B7D7}.Debug|Any CPU.Build.0 = Debug|Any CPU
		{E45AB695-767B-4D70-A79B-66492A90B7D7}.Release|Any CPU.ActiveCfg = Release|Any CPU
		{E45AB695-767B-4D70-A79B-66492A90B7D7}.Release|Any CPU.Build.0 = Release|Any CPU
		{D0274C01-90B5-49FE-B964-FF20462BF25E}.Debug|Any CPU.ActiveCfg = Debug|Any CPU
		{D0274C01-90B5-49FE-B964-FF20462BF25E}.Debug|Any CPU.Build.0 = Debug|Any CPU
		{D0274C01-90B5-49FE-B964-FF20462BF25E}.Release|Any CPU.ActiveCfg = Release|Any CPU
		{D0274C01-90B5-49FE-B964-FF20462BF25E}.Release|Any CPU.Build.0 = Release|Any CPU
	EndGlobalSection
	GlobalSection(SolutionProperties) = preSolution
		HideSolutionNode = FALSE
	EndGlobalSection
	GlobalSection(ExtensibilityGlobals) = postSolution
		SolutionGuid = {E2CA43A2-47F9-479E-9FE1-B54EE69CCAAF}
	EndGlobalSection
EndGlobal
